
Microsoft Visual Studio Solution File, Format Version 12.00
# Visual Studio Version 16
VisualStudioVersion = 16.0.29905.134
MinimumVisualStudioVersion = 10.0.40219.1
Project("{9A19103F-16F7-4668-BE54-9A1E7A4F7556}") = "VVVCreator", "VVVCreator.csproj", "{6FC29C16-3B1F-4515-AD84-2A1A09C0D19F}"
EndProject
Global
	GlobalSection(SolutionConfigurationPlatforms) = preSolution
		Debug|Any CPU = Debug|Any CPU
		Release|Any CPU = Release|Any CPU
	EndGlobalSection
	GlobalSection(ProjectConfigurationPlatforms) = postSolution
		{6FC29C16-3B1F-4515-AD84-2A1A09C0D19F}.Debug|Any CPU.ActiveCfg = Debug|Any CPU
		{6FC29C16-3B1F-4515-AD84-2A1A09C0D19F}.Debug|Any CPU.Build.0 = Debug|Any CPU
		{6FC29C16-3B1F-4515-AD84-2A1A09C0D19F}.Release|Any CPU.ActiveCfg = Release|Any CPU
		{6FC29C16-3B1F-4515-AD84-2A1A09C0D19F}.Release|Any CPU.Build.0 = Release|Any CPU
	EndGlobalSection
	GlobalSection(SolutionProperties) = preSolution
		HideSolutionNode = FALSE
	EndGlobalSection
	GlobalSection(ExtensibilityGlobals) = postSolution
		SolutionGuid = {F778F06F-3B1C-4AB0-AB53-0265F8FD4318}
	EndGlobalSection
EndGlobal
