<?xml version="1.0" encoding="utf-8"?>
<Project ToolsVersion="4.0" xmlns="http://schemas.microsoft.com/developer/msbuild/2003">
  <ItemGroup>
    <Filter Include="Configuration Files">
      <UniqueIdentifier>##GUID##</UniqueIdentifier>
    </Filter>
    <Filter Include="Schema Files">
      <UniqueIdentifier>##GUID##</UniqueIdentifier>
    </Filter>
  </ItemGroup>
  <ItemGroup>
    <None Include="##PACKAGE_NAME##.vvvdna">
      <Filter>Configuration Files</Filter>
    </None>
  </ItemGroup>
</Project>