<?xml version="1.0" encoding="utf-8"?>
<Project ToolsVersion="4.0" xmlns="http://schemas.microsoft.com/developer/msbuild/2003">
  <ItemGroup>
    <Filter Include="Message Files">
      <UniqueIdentifier>##GUID##</UniqueIdentifier>
    </Filter>
  </ItemGroup>
  <ItemGroup>
    <None Include="##PACKAGE_NAME##_message_de.vvvmp">
      <Filter>Message Files</Filter>
    </None>
    <None Include="##PACKAGE_NAME##_message_en.vvvmp">
      <Filter>Message Files</Filter>
    </None>
  </ItemGroup>
</Project>