
Microsoft Visual Studio Solution File, Format Version 12.00
# Visual Studio Version 17
VisualStudioVersion = 17.3.32929.385
MinimumVisualStudioVersion = 10.0.40219.1
Project("{2150E333-8FDC-42A3-9474-1A3956D46DE8}") = "Collection", "Collection", "##WIN_COLL_GUID##"
EndProject
Project("{2150E333-8FDC-42A3-9474-1A3956D46DE8}") = "Common", "Common", "##WIN_COMN_GUID##"
EndProject
Project("{2150E333-8FDC-42A3-9474-1A3956D46DE8}") = "Module", "Module", "##WIN_MOD_GUID##"
EndProject
Project("{8BC9CEB8-8B4A-11D0-8D11-00A0C91BC942}") = "##PACKAGE_NAME##", "source\organelle\collection\##PACKAGE_NAME##\##PACKAGE_NAME##.vcxproj", "##WIN_COLL_PROJECT_GUID##"
EndProject
Project("{8BC9CEB8-8B4A-11D0-8D11-00A0C91BC942}") = "##PACKAGE_NAME##_message", "source\organelle\common\##PACKAGE_NAME##_message\##PACKAGE_NAME##_message.vcxproj", "##WIN_MSG_PROJECT_GUID##"
EndProject
Project("{8BC9CEB8-8B4A-11D0-8D11-00A0C91BC942}") = "##PACKAGE_NAME##_symbiosis", "source\organelle\common\##PACKAGE_NAME##_symbiosis\##PACKAGE_NAME##_symbiosis.vcxproj", "##WIN_SYM_PROJECT_GUID##"
EndProject
Project("{8BC9CEB8-8B4A-11D0-8D11-00A0C91BC942}") = "##PACKAGE_NAME##", "source\organelle\module\##PACKAGE_NAME##\##PACKAGE_NAME##.vcxproj", "##WIN_MOD_PROJECT_GUID##"
EndProject
Project("{8BC9CEB8-8B4A-11D0-8D11-00A0C91BC942}") = "##PACKAGE_NAME##_test", "source\organelle\module\##PACKAGE_NAME##_test\##PACKAGE_NAME##_test.vcxproj", "##WIN_TEST_PROJECT_GUID##"
EndProject
Project("{2150E333-8FDC-42A3-9474-1A3956D46DE8}") = "Configuration", "Configuration", "##WIN_CFG_GUID##"
EndProject
Project("{2150E333-8FDC-42A3-9474-1A3956D46DE8}") = "Organelle", "Organelle", "##WIN_ORG_GUID##"
EndProject
Project("{8BC9CEB8-8B4A-11D0-8D11-00A0C91BC942}") = "##PACKAGE_NAME##_dna", "source\configuration\##PACKAGE_NAME##_dna\##PACKAGE_NAME##_dna.vcxproj", "##WIN_CFG_PROJECT_GUID##"
EndProject
Project("{2150E333-8FDC-42A3-9474-1A3956D46DE8}") = "Interface", "Interface", "##WIN_INT_GUID##"
EndProject
Project("{2150E333-8FDC-42A3-9474-1A3956D46DE8}") = "C", "C", "##WIN_INT_C_GUID##"
EndProject
Project("{2150E333-8FDC-42A3-9474-1A3956D46DE8}") = "Language", "Language", "##WIN_INT_LANG_GUID##"
EndProject
Project("{2150E333-8FDC-42A3-9474-1A3956D46DE8}") = "Test", "Test", "##WIN_INT_TEST_GUID##"
EndProject
Project("{8BC9CEB8-8B4A-11D0-8D11-00A0C91BC942}") = "##PACKAGE_NAME##_c_direct_dll", "source\interface\c\##PACKAGE_NAME##_c_direct_dll\##PACKAGE_NAME##_c_direct_dll.vcxproj", "##WIN_INT_DLL_PROJECT_GUID##"
EndProject
Project("{8BC9CEB8-8B4A-11D0-8D11-00A0C91BC942}") = "##PACKAGE_NAME##_c_direct_static", "source\interface\c\##PACKAGE_NAME##_c_direct_static\##PACKAGE_NAME##_c_direct_static.vcxproj", "##WIN_INT_STAT_PROJECT_GUID##"
EndProject
Project("{D954291E-2A0B-460D-934E-DC6B0785DB48}") = "##PACKAGE_NAME##_dotnet", "source\interface\language\##PACKAGE_NAME##_dotnet\##PACKAGE_NAME##_dotnet.shproj", "##DOT_NET_SHD_PROJECT_GUID##"
EndProject
Project("{FAE04EC0-301F-11D3-BF4B-00C04F79EFBC}") = "##PACKAGE_NAME##_dotnet_test", "source\interface\test\##PACKAGE_NAME##_dotnet_test\##PACKAGE_NAME##_dotnet_test.csproj", "##DOT_NET_TEST_PROJECT_GUID##"
EndProject
Global
	GlobalSection(SolutionConfigurationPlatforms) = preSolution
		Debug|Any CPU = Debug|Any CPU
		Debug|ARM = Debug|ARM
		Debug|Win32 = Debug|Win32
		Debug|x64 = Debug|x64
		Release|Any CPU = Release|Any CPU
		Release|ARM = Release|ARM
		Release|Win32 = Release|Win32
		Release|x64 = Release|x64
	EndGlobalSection
	GlobalSection(ProjectConfigurationPlatforms) = postSolution
		##WIN_COLL_PROJECT_GUID##.Debug|ARM.ActiveCfg = Debug|ARM
		##WIN_COLL_PROJECT_GUID##.Debug|ARM.Build.0 = Debug|ARM
		##WIN_COLL_PROJECT_GUID##.Debug|Win32.ActiveCfg = Debug|Win32
		##WIN_COLL_PROJECT_GUID##.Debug|Win32.Build.0 = Debug|Win32
		##WIN_COLL_PROJECT_GUID##.Debug|x64.ActiveCfg = Debug|x64
		##WIN_COLL_PROJECT_GUID##.Debug|x64.Build.0 = Debug|x64
		##WIN_COLL_PROJECT_GUID##.Release|ARM.ActiveCfg = Release|ARM
		##WIN_COLL_PROJECT_GUID##.Release|ARM.Build.0 = Release|ARM
		##WIN_COLL_PROJECT_GUID##.Release|Win32.ActiveCfg = Release|Win32
		##WIN_COLL_PROJECT_GUID##.Release|Win32.Build.0 = Release|Win32
		##WIN_COLL_PROJECT_GUID##.Release|x64.ActiveCfg = Release|x64
		##WIN_COLL_PROJECT_GUID##.Release|x64.Build.0 = Release|x64
		##WIN_MSG_PROJECT_GUID##.Debug|ARM.ActiveCfg = Debug|ARM
		##WIN_MSG_PROJECT_GUID##.Debug|ARM.Build.0 = Debug|ARM
		##WIN_MSG_PROJECT_GUID##.Debug|Win32.ActiveCfg = Debug|Win32
		##WIN_MSG_PROJECT_GUID##.Debug|Win32.Build.0 = Debug|Win32
		##WIN_MSG_PROJECT_GUID##.Debug|x64.ActiveCfg = Debug|x64
		##WIN_MSG_PROJECT_GUID##.Debug|x64.Build.0 = Debug|x64
		##WIN_MSG_PROJECT_GUID##.Release|ARM.ActiveCfg = Release|ARM
		##WIN_MSG_PROJECT_GUID##.Release|ARM.Build.0 = Release|ARM
		##WIN_MSG_PROJECT_GUID##.Release|Win32.ActiveCfg = Release|Win32
		##WIN_MSG_PROJECT_GUID##.Release|Win32.Build.0 = Release|Win32
		##WIN_MSG_PROJECT_GUID##.Release|x64.ActiveCfg = Release|x64
		##WIN_MSG_PROJECT_GUID##.Release|x64.Build.0 = Release|x64
		##WIN_SYM_PROJECT_GUID##.Debug|ARM.ActiveCfg = Debug|ARM
		##WIN_SYM_PROJECT_GUID##.Debug|ARM.Build.0 = Debug|ARM
		##WIN_SYM_PROJECT_GUID##.Debug|Win32.ActiveCfg = Debug|Win32
		##WIN_SYM_PROJECT_GUID##.Debug|Win32.Build.0 = Debug|Win32
		##WIN_SYM_PROJECT_GUID##.Debug|x64.ActiveCfg = Debug|x64
		##WIN_SYM_PROJECT_GUID##.Debug|x64.Build.0 = Debug|x64
		##WIN_SYM_PROJECT_GUID##.Release|ARM.ActiveCfg = Release|ARM
		##WIN_SYM_PROJECT_GUID##.Release|ARM.Build.0 = Release|ARM
		##WIN_SYM_PROJECT_GUID##.Release|Win32.ActiveCfg = Release|Win32
		##WIN_SYM_PROJECT_GUID##.Release|Win32.Build.0 = Release|Win32
		##WIN_SYM_PROJECT_GUID##.Release|x64.ActiveCfg = Release|x64
		##WIN_SYM_PROJECT_GUID##.Release|x64.Build.0 = Release|x64
		##WIN_MOD_PROJECT_GUID##.Debug|ARM.ActiveCfg = Debug|ARM
		##WIN_MOD_PROJECT_GUID##.Debug|ARM.Build.0 = Debug|ARM
		##WIN_MOD_PROJECT_GUID##.Debug|Win32.ActiveCfg = Debug|Win32
		##WIN_MOD_PROJECT_GUID##.Debug|Win32.Build.0 = Debug|Win32
		##WIN_MOD_PROJECT_GUID##.Debug|x64.ActiveCfg = Debug|x64
		##WIN_MOD_PROJECT_GUID##.Debug|x64.Build.0 = Debug|x64
		##WIN_MOD_PROJECT_GUID##.Release|ARM.ActiveCfg = Release|ARM
		##WIN_MOD_PROJECT_GUID##.Release|ARM.Build.0 = Release|ARM
		##WIN_MOD_PROJECT_GUID##.Release|Win32.ActiveCfg = Release|Win32
		##WIN_MOD_PROJECT_GUID##.Release|Win32.Build.0 = Release|Win32
		##WIN_MOD_PROJECT_GUID##.Release|x64.ActiveCfg = Release|x64
		##WIN_MOD_PROJECT_GUID##.Release|x64.Build.0 = Release|x64
		##WIN_TEST_PROJECT_GUID##.Debug|ARM.ActiveCfg = Debug|ARM
		##WIN_TEST_PROJECT_GUID##.Debug|ARM.Build.0 = Debug|ARM
		##WIN_TEST_PROJECT_GUID##.Debug|Win32.ActiveCfg = Debug|Win32
		##WIN_TEST_PROJECT_GUID##.Debug|Win32.Build.0 = Debug|Win32
		##WIN_TEST_PROJECT_GUID##.Debug|x64.ActiveCfg = Debug|x64
		##WIN_TEST_PROJECT_GUID##.Debug|x64.Build.0 = Debug|x64
		##WIN_TEST_PROJECT_GUID##.Release|ARM.ActiveCfg = Release|ARM
		##WIN_TEST_PROJECT_GUID##.Release|ARM.Build.0 = Release|ARM
		##WIN_TEST_PROJECT_GUID##.Release|Win32.ActiveCfg = Release|Win32
		##WIN_TEST_PROJECT_GUID##.Release|Win32.Build.0 = Release|Win32
		##WIN_TEST_PROJECT_GUID##.Release|x64.ActiveCfg = Release|x64
		##WIN_TEST_PROJECT_GUID##.Release|x64.Build.0 = Release|x64
		##WIN_CFG_PROJECT_GUID##.Debug|ARM.ActiveCfg = Debug|Win32
		##WIN_CFG_PROJECT_GUID##.Debug|Win32.ActiveCfg = Debug|Win32
		##WIN_CFG_PROJECT_GUID##.Debug|Win32.Build.0 = Debug|Win32
		##WIN_CFG_PROJECT_GUID##.Debug|x64.ActiveCfg = Debug|x64
		##WIN_CFG_PROJECT_GUID##.Debug|x64.Build.0 = Debug|x64
		##WIN_CFG_PROJECT_GUID##.Release|ARM.ActiveCfg = Release|Win32
		##WIN_CFG_PROJECT_GUID##.Release|Win32.ActiveCfg = Release|Win32
		##WIN_CFG_PROJECT_GUID##.Release|Win32.Build.0 = Release|Win32
		##WIN_CFG_PROJECT_GUID##.Release|x64.ActiveCfg = Release|x64
		##WIN_CFG_PROJECT_GUID##.Release|x64.Build.0 = Release|x64
		##WIN_INT_DLL_PROJECT_GUID##.Debug|ARM.ActiveCfg = Debug|x64
		##WIN_INT_DLL_PROJECT_GUID##.Debug|ARM.Build.0 = Debug|x64
		##WIN_INT_DLL_PROJECT_GUID##.Debug|Win32.ActiveCfg = Debug|Win32
		##WIN_INT_DLL_PROJECT_GUID##.Debug|Win32.Build.0 = Debug|Win32
		##WIN_INT_DLL_PROJECT_GUID##.Debug|x64.ActiveCfg = Debug|x64
		##WIN_INT_DLL_PROJECT_GUID##.Debug|x64.Build.0 = Debug|x64
		##WIN_INT_DLL_PROJECT_GUID##.Release|ARM.ActiveCfg = Release|x64
		##WIN_INT_DLL_PROJECT_GUID##.Release|ARM.Build.0 = Release|x64
		##WIN_INT_DLL_PROJECT_GUID##.Release|Win32.ActiveCfg = Release|Win32
		##WIN_INT_DLL_PROJECT_GUID##.Release|Win32.Build.0 = Release|Win32
		##WIN_INT_DLL_PROJECT_GUID##.Release|x64.ActiveCfg = Release|x64
		##WIN_INT_DLL_PROJECT_GUID##.Release|x64.Build.0 = Release|x64
		##WIN_INT_STAT_PROJECT_GUID##.Debug|ARM.ActiveCfg = Debug|x64
		##WIN_INT_STAT_PROJECT_GUID##.Debug|ARM.Build.0 = Debug|x64
		##WIN_INT_STAT_PROJECT_GUID##.Debug|Win32.ActiveCfg = Debug|Win32
		##WIN_INT_STAT_PROJECT_GUID##.Debug|Win32.Build.0 = Debug|Win32
		##WIN_INT_STAT_PROJECT_GUID##.Debug|x64.ActiveCfg = Debug|x64
		##WIN_INT_STAT_PROJECT_GUID##.Debug|x64.Build.0 = Debug|x64
		##WIN_INT_STAT_PROJECT_GUID##.Release|ARM.ActiveCfg = Release|x64
		##WIN_INT_STAT_PROJECT_GUID##.Release|ARM.Build.0 = Release|x64
		##WIN_INT_STAT_PROJECT_GUID##.Release|Win32.ActiveCfg = Release|Win32
		##WIN_INT_STAT_PROJECT_GUID##.Release|Win32.Build.0 = Release|Win32
		##WIN_INT_STAT_PROJECT_GUID##.Release|x64.ActiveCfg = Release|x64
		##WIN_INT_STAT_PROJECT_GUID##.Release|x64.Build.0 = Release|x64
		##DOT_NET_TEST_PROJECT_GUID##.Debug|Any CPU.ActiveCfg = Debug|Any CPU
		##DOT_NET_TEST_PROJECT_GUID##.Debug|Any CPU.Build.0 = Debug|Any CPU
		##DOT_NET_TEST_PROJECT_GUID##.Debug|ARM.ActiveCfg = Debug|Any CPU
		##DOT_NET_TEST_PROJECT_GUID##.Debug|ARM.Build.0 = Debug|Any CPU
		##DOT_NET_TEST_PROJECT_GUID##.Debug|Win32.ActiveCfg = Debug|Any CPU
		##DOT_NET_TEST_PROJECT_GUID##.Debug|Win32.Build.0 = Debug|Any CPU
		##DOT_NET_TEST_PROJECT_GUID##.Debug|x64.ActiveCfg = Debug|Any CPU
		##DOT_NET_TEST_PROJECT_GUID##.Debug|x64.Build.0 = Debug|Any CPU
		##DOT_NET_TEST_PROJECT_GUID##.Release|Any CPU.ActiveCfg = Release|Any CPU
		##DOT_NET_TEST_PROJECT_GUID##.Release|Any CPU.Build.0 = Release|Any CPU
		##DOT_NET_TEST_PROJECT_GUID##.Release|ARM.ActiveCfg = Release|Any CPU
		##DOT_NET_TEST_PROJECT_GUID##.Release|ARM.Build.0 = Release|Any CPU
		##DOT_NET_TEST_PROJECT_GUID##.Release|Win32.ActiveCfg = Release|Any CPU
		##DOT_NET_TEST_PROJECT_GUID##.Release|Win32.Build.0 = Release|Any CPU
		##DOT_NET_TEST_PROJECT_GUID##.Release|x64.ActiveCfg = Release|Any CPU
		##DOT_NET_TEST_PROJECT_GUID##.Release|x64.Build.0 = Release|Any CPU
	EndGlobalSection
	GlobalSection(SolutionProperties) = preSolution
		HideSolutionNode = FALSE
	EndGlobalSection
	GlobalSection(NestedProjects) = preSolution
		##WIN_COLL_GUID## = ##WIN_ORG_GUID##
		##WIN_COMN_GUID## = ##WIN_ORG_GUID##
		##WIN_MOD_GUID## = ##WIN_ORG_GUID##
		##WIN_COLL_PROJECT_GUID## = ##WIN_COLL_GUID##
		##WIN_MSG_PROJECT_GUID## = ##WIN_COMN_GUID##
		##WIN_SYM_PROJECT_GUID## = ##WIN_COMN_GUID##
		##WIN_MOD_PROJECT_GUID## = ##WIN_MOD_GUID##
		##WIN_TEST_PROJECT_GUID## = ##WIN_MOD_GUID##
		##WIN_CFG_PROJECT_GUID## = ##WIN_CFG_GUID##
		##WIN_INT_C_GUID## = ##WIN_INT_GUID##
		##WIN_INT_LANG_GUID## = ##WIN_INT_GUID##
		##WIN_INT_TEST_GUID## = ##WIN_INT_GUID##
		##WIN_INT_DLL_PROJECT_GUID## = ##WIN_INT_C_GUID##
		##WIN_INT_STAT_PROJECT_GUID## = ##WIN_INT_C_GUID##
		##DOT_NET_SHD_PROJECT_GUID## = ##WIN_INT_LANG_GUID##
		##DOT_NET_TEST_PROJECT_GUID## = ##WIN_INT_TEST_GUID##
	EndGlobalSection
	GlobalSection(ExtensibilityGlobals) = postSolution
		SolutionGuid = ##GUID##
	EndGlobalSection
	GlobalSection(SharedMSBuildProjectFiles) = preSolution
		..\..\framework\vvv_framework\source\interface\language\vvv_dotnet\vvv_dotnet.projitems*##DOT_NET_TEST_PROJECT_GUID##*SharedItemsImports = 4
		source\interface\language\##PACKAGE_NAME##_dotnet\##PACKAGE_NAME##_dotnet.projitems*##DOT_NET_TEST_PROJECT_GUID##*SharedItemsImports = 4
		source\interface\language\##PACKAGE_NAME##_dotnet\##PACKAGE_NAME##_dotnet.projitems*##DOT_NET_SHD_PROJECT_GUID##*SharedItemsImports = 13
	EndGlobalSection
EndGlobal
